<?xml version="1.0" encoding="utf-8"?>
<Project ToolsVersion="4.0" xmlns="http://schemas.microsoft.com/developer/msbuild/2003">
  <ItemGroup>
    <Filter Include="Source Files">
      <UniqueIdentifier>{4FC737F1-C7A5-4376-A066-2A32D752A2FF}</UniqueIdentifier>
      <Extensions>cpp;c;cc;cxx;c++;cppm;ixx;def;odl;idl;hpj;bat;asm;asmx</Extensions>
    </Filter>
    <Filter Include="Header Files">
      <UniqueIdentifier>{93995380-89BD-4b04-88EB-625FBE52EBFB}</UniqueIdentifier>
      <Extensions>h;hh;hpp;hxx;h++;hm;inl;inc;ipp;xsd</Extensions>
    </Filter>
    <Filter Include="Resource Files">
      <UniqueIdentifier>{67DA6AB6-F800-4c08-8B7A-83BB121AAD01}</UniqueIdentifier>
      <Extensions>rc;ico;cur;bmp;dlg;rc2;rct;bin;rgs;gif;jpg;jpeg;jpe;resx;tiff;tif;png;wav;mfcribbon-ms</Extensions>
    </Filter>
    <Filter Include="Header Files\Interfaces and abstract classes">
      <UniqueIdentifier>{c2ef2c5f-4fda-48d4-ac9a-a13dc8fc804d}</UniqueIdentifier>
    </Filter>
    <Filter Include="Source Files\Interfaces and abstract classes">
      <UniqueIdentifier>{7d78b36c-9bce-4dec-beee-3b54ed515b76}</UniqueIdentifier>
    </Filter>
  </ItemGroup>
  <ItemGroup>
    <ClCompile Include="main.cpp">
      <Filter>Source Files</Filter>
    </ClCompile>
    <ClCompile Include="Settings.cpp">
      <Filter>Source Files</Filter>
    </ClCompile>
    <ClCompile Include="IDelayedAction.cpp">
      <Filter>Source Files\Interfaces and abstract classes</Filter>
    </ClCompile>
    <ClCompile Include="Wall.cpp">
      <Filter>Source Files</Filter>
    </ClCompile>
    <ClCompile Include="LabyrinthBuilder.cpp">
      <Filter>Source Files</Filter>
    </ClCompile>
	<ClInclude Include="LabyrinthElement.cpp">
      <Filter>Header Files</Filter>
    </ClInclude>
    <ClCompile Include="Floor.cpp">
      <Filter>Source Files</Filter>
    </ClCompile>
    <ClCompile Include="Labyrinth.cpp">
      <Filter>Source Files</Filter>
    </ClCompile>
    <ClCompile Include="GameObjectContainer.cpp">
      <Filter>Source Files</Filter>
    </ClCompile>
    <ClCompile Include="BackgroundMusic.cpp">
      <Filter>Source Files</Filter>
    </ClCompile>
    <ClCompile Include="AIChaseTargetComponent.cpp">
      <Filter>Source Files</Filter>
    </ClCompile>
    <ClCompile Include="AIPerceptionComponent.cpp">
      <Filter>Source Files</Filter>
    </ClCompile>
    <ClCompile Include="AITargetSelector.cpp">
      <Filter>Source Files</Filter>
    </ClCompile>
    <ClCompile Include="AttackComponent.cpp">
      <Filter>Source Files</Filter>
    </ClCompile>
    <ClCompile Include="ArmorComponent.cpp">
      <Filter>Source Files</Filter>
    </ClCompile>
    <ClCompile Include="HealthComponent.cpp">
      <Filter>Source Files</Filter>
    </ClCompile>
    <ClCompile Include="PlayerAttackComponent.cpp">
      <Filter>Source Files</Filter>
    </ClCompile>
    <ClCompile Include="AIAttackComponent.cpp">
      <Filter>Source Files</Filter>
    </ClCompile>
    <ClCompile Include="ActorComponent.cpp">
      <Filter>Source Files</Filter>
    </ClCompile>
    <ClCompile Include="ActorRegisterSystem.cpp">
      <Filter>Source Files</Filter>
    </ClCompile>
    <ClCompile Include="PerceptionSystem.cpp">
      <Filter>Source Files</Filter>
    </ClCompile>
    <ClCompile Include="PerceptionComponentDebugDraw.cpp">
      <Filter>Source Files</Filter>
    </ClCompile>
    <ClCompile Include="PerceptionComponent.cpp">
      <Filter>Source Files</Filter>
    </ClCompile>
    <ClCompile Include="OpaqueComponent.cpp">
      <Filter>Source Files</Filter>
    </ClCompile>
    <ClCompile Include="SpriteOpaqueComponent.cpp">
      <Filter>Source Files</Filter>
    </ClCompile>
    <ClCompile Include="BarComponent.cpp">
      <Filter>Source Files</Filter>
    </ClCompile>
    <ClCompile Include="HealthBarComponent.cpp">
      <Filter>Source Files</Filter>
    </ClCompile>
    <ClCompile Include="ArmorBarComponent.cpp">
      <Filter>Source Files</Filter>
    </ClCompile>
    <ClCompile Include="LabyrinthExit.cpp">
      <Filter>Source Files</Filter>
    </ClCompile>
    <ClCompile Include="BlockComponent.cpp">
      <Filter>Source Files</Filter>
    </ClCompile>
    <ClCompile Include="Actor.cpp">
      <Filter>Source Files</Filter>
    </ClCompile>
    <ClCompile Include="PlayerActor.cpp">
      <Filter>Source Files</Filter>
    </ClCompile>
    <ClCompile Include="AIActor.cpp">
      <Filter>Source Files</Filter>
    </ClCompile>
    <ClCompile Include="ActorMovementComponent.cpp">
      <Filter>Source Files</Filter>
    </ClCompile>
    <ClCompile Include="ActorSpriteDirectionComponent.cpp">
      <Filter>Source Files</Filter>
    </ClCompile>
    <ClCompile Include="AIActorManagerSystem.cpp">
      <Filter>Source Files</Filter>
    </ClCompile>
    <ClCompile Include="LevelManager.cpp">
      <Filter>Source Files</Filter>
    </ClCompile>
    <ClCompile Include="GameLevel.cpp">
      <Filter>Source Files</Filter>
    </ClCompile>
    <ClCompile Include="LevelCompleteCondition.cpp">
      <Filter>Source Files</Filter>
    </ClCompile>
    <ClCompile Include="AIInputComponent.cpp">
      <Filter>Source Files</Filter>
    </ClCompile>
    <ClCompile Include="KeyboardInputComponent.cpp">
      <Filter>Source Files</Filter>
    </ClCompile>
  </ItemGroup>
  <ItemGroup>
    <ClInclude Include="Settings.h">
      <Filter>Header Files</Filter>
    </ClInclude>
    <ClInclude Include="Randomizer.h">
      <Filter>Header Files</Filter>
    </ClInclude>
    <ClInclude Include="IDelayedAction.h">
      <Filter>Header Files\Interfaces and abstract classes</Filter>
    </ClInclude>
    <ClInclude Include="ISaveable.h">
      <Filter>Header Files\Interfaces and abstract classes</Filter>
    </ClInclude>
    <ClInclude Include="Wall.h">
      <Filter>Header Files</Filter>
    </ClInclude>
    <ClInclude Include="LabyrinthBuilder.h">
      <Filter>Header Files</Filter>
    </ClInclude>
    <ClInclude Include="Floor.h">
      <Filter>Header Files</Filter>
    </ClInclude>
    <ClInclude Include="Labyrinth.h">
      <Filter>Header Files</Filter>
    </ClInclude>
    <ClInclude Include="BackgroundMusic.h">
      <Filter>Header Files</Filter>
    </ClInclude>
    <ClInclude Include="AIChaseTargetComponent.h">
      <Filter>Header Files</Filter>
    </ClInclude>
    <ClInclude Include="AIBlackboard.h">
      <Filter>Header Files</Filter>
    </ClInclude>
    <ClInclude Include="AIPerceptionComponent.h">
      <Filter>Header Files</Filter>
    </ClInclude>
    <ClInclude Include="AITargetSelector.h">
      <Filter>Header Files</Filter>
    </ClInclude>
    <ClInclude Include="Utility.h">
      <Filter>Header Files</Filter>
    </ClInclude>
    <ClInclude Include="GameObjectContainer.h">
      <Filter>Header Files</Filter>
    </ClInclude>
    <ClInclude Include="AttackComponent.h">
      <Filter>Header Files</Filter>
    </ClInclude>
    <ClInclude Include="ArmorComponent.h">
      <Filter>Header Files</Filter>
    </ClInclude>
    <ClInclude Include="HealthComponent.h">
      <Filter>Header Files</Filter>
    </ClInclude>
    <ClInclude Include="PlayerAttackComponent.h">
      <Filter>Header Files</Filter>
    </ClInclude>
    <ClInclude Include="AIAttackComponent.h">
      <Filter>Header Files</Filter>
    </ClInclude>
    <ClInclude Include="ActorComponent.h">
      <Filter>Header Files</Filter>
    </ClInclude>
    <ClInclude Include="ActorRegisterSystem.h">
      <Filter>Header Files</Filter>
    </ClInclude>
    <ClInclude Include="PerceptionComponentDebugDraw.h">
      <Filter>Header Files</Filter>
    </ClInclude>
    <ClInclude Include="PerceptionSystem.h">
      <Filter>Header Files</Filter>
    </ClInclude>
    <ClInclude Include="PerceptionComponent.h">
      <Filter>Header Files</Filter>
    </ClInclude>
    <ClInclude Include="OpaqueComponent.h">
      <Filter>Header Files</Filter>
    </ClInclude>
    <ClInclude Include="SpriteOpaqueComponent.h">
      <Filter>Header Files</Filter>
    </ClInclude>
    <ClInclude Include="BarComponent.h">
      <Filter>Header Files</Filter>
    </ClInclude>
    <ClInclude Include="HealthBarComponent.h">
      <Filter>Header Files</Filter>
    </ClInclude>
    <ClInclude Include="ArmorBarComponent.h">
      <Filter>Header Files</Filter>
    </ClInclude>
    <ClInclude Include="LabyrinthExit.h">
      <Filter>Header Files</Filter>
    </ClInclude>
    <ClInclude Include="LabyrinthElement.h">
      <Filter>Header Files</Filter>
    </ClInclude>
    <ClInclude Include="BlockComponent.h">
      <Filter>Header Files</Filter>
    </ClInclude>
    <ClInclude Include="Actor.h">
      <Filter>Header Files</Filter>
    </ClInclude>
    <ClInclude Include="PlayerActor.h">
      <Filter>Header Files</Filter>
    </ClInclude>
    <ClInclude Include="DefaultActorsSettings.h">
      <Filter>Header Files</Filter>
    </ClInclude>
    <ClInclude Include="AIActor.h">
      <Filter>Header Files</Filter>
    </ClInclude>
    <ClInclude Include="ActorMovementComponent.h">
      <Filter>Header Files</Filter>
    </ClInclude>
    <ClInclude Include="ActorSpriteDirectionComponent.h">
      <Filter>Header Files</Filter>
    </ClInclude>
    <ClInclude Include="AIActorManagerSystem.h">
      <Filter>Header Files</Filter>
    </ClInclude>
    <ClInclude Include="AIInputComponent.h">
      <Filter>Header Files</Filter>
    </ClInclude>
    <ClInclude Include="KeyboardInputComponent.h">
      <Filter>Header Files</Filter>
    </ClInclude>
    <ClInclude Include="LevelManager.h">
      <Filter>Header Files</Filter>
    </ClInclude>
    <ClInclude Include="GameLevel.h">
      <Filter>Header Files</Filter>
    </ClInclude>
    <ClInclude Include="LevelCompleteCondition.h">
      <Filter>Header Files</Filter>
    </ClInclude>
  </ItemGroup>
</Project>